
Microsoft Visual Studio Solution File, Format Version 12.00
# Visual Studio Version 17
VisualStudioVersion = 17.12.35527.113
MinimumVisualStudioVersion = 10.0.40219.1
Project("{FAE04EC0-301F-11D3-BF4B-00C04F79EFBC}") = "DeliverySystem", "DeliverySystem\DeliverySystem.csproj", "{14C18A98-EC72-45B0-BDEB-0341862E2121}"
EndProject
Project("{FAE04EC0-301F-11D3-BF4B-00C04F79EFBC}") = "DeliverySystem.Tests", "DeliverySystem.Tests\DeliverySystem.Tests.csproj", "{A73B0D06-C06B-4E65-9263-993A8E2B8D3C}"
EndProject
Global
	GlobalSection(SolutionConfigurationPlatforms) = preSolution
		Debug|Any CPU = Debug|Any CPU
		Release|Any CPU = Release|Any CPU
	EndGlobalSection
	GlobalSection(ProjectConfigurationPlatforms) = postSolution
		{14C18A98-EC72-45B0-BDEB-0341862E2121}.Debug|Any CPU.ActiveCfg = Debug|Any CPU
		{14C18A98-EC72-45B0-BDEB-0341862E2121}.Debug|Any CPU.Build.0 = Debug|Any CPU
		{14C18A98-EC72-45B0-BDEB-0341862E2121}.Release|Any CPU.ActiveCfg = Release|Any CPU
		{14C18A98-EC72-45B0-BDEB-0341862E2121}.Release|Any CPU.Build.0 = Release|Any CPU
		{A73B0D06-C06B-4E65-9263-993A8E2B8D3C}.Debug|Any CPU.ActiveCfg = Debug|Any CPU
		{A73B0D06-C06B-4E65-9263-993A8E2B8D3C}.Debug|Any CPU.Build.0 = Debug|Any CPU
		{A73B0D06-C06B-4E65-9263-993A8E2B8D3C}.Release|Any CPU.ActiveCfg = Release|Any CPU
		{A73B0D06-C06B-4E65-9263-993A8E2B8D3C}.Release|Any CPU.Build.0 = Release|Any CPU
	EndGlobalSection
	GlobalSection(SolutionProperties) = preSolution
		HideSolutionNode = FALSE
	EndGlobalSection
EndGlobal
