
Microsoft Visual Studio Solution File, Format Version 12.00
# Visual Studio Version 17
VisualStudioVersion = 17.12.35527.113 d17.12
MinimumVisualStudioVersion = 10.0.40219.1
Project("{FAE04EC0-301F-11D3-BF4B-00C04F79EFBC}") = "Modul task2", "Modul task2\Modul task2.csproj", "{4D987F71-2198-40AB-A8CB-7CB20C9FC53E}"
EndProject
Global
	GlobalSection(SolutionConfigurationPlatforms) = preSolution
		Debug|Any CPU = Debug|Any CPU
		Release|Any CPU = Release|Any CPU
	EndGlobalSection
	GlobalSection(ProjectConfigurationPlatforms) = postSolution
		{4D987F71-2198-40AB-A8CB-7CB20C9FC53E}.Debug|Any CPU.ActiveCfg = Debug|Any CPU
		{4D987F71-2198-40AB-A8CB-7CB20C9FC53E}.Debug|Any CPU.Build.0 = Debug|Any CPU
		{4D987F71-2198-40AB-A8CB-7CB20C9FC53E}.Release|Any CPU.ActiveCfg = Release|Any CPU
		{4D987F71-2198-40AB-A8CB-7CB20C9FC53E}.Release|Any CPU.Build.0 = Release|Any CPU
	EndGlobalSection
	GlobalSection(SolutionProperties) = preSolution
		HideSolutionNode = FALSE
	EndGlobalSection
EndGlobal
