
Microsoft Visual Studio Solution File, Format Version 12.00
# Visual Studio Version 17
VisualStudioVersion = 17.12.35527.113 d17.12
MinimumVisualStudioVersion = 10.0.40219.1
Project("{FAE04EC0-301F-11D3-BF4B-00C04F79EFBC}") = "SmartHomeSystem", "SmartHomeSystem\SmartHomeSystem.csproj", "{8E2E2E00-96ED-42AD-88E3-D35ACEDD2DE8}"
EndProject
Project("{FAE04EC0-301F-11D3-BF4B-00C04F79EFBC}") = "SmartHomeSystem.Tests", "SmartHomeSystem.Tests\SmartHomeSystem.Tests.csproj", "{F9D4A20E-D9EC-4AE9-9E59-352BF7F09692}"
EndProject
Global
	GlobalSection(SolutionConfigurationPlatforms) = preSolution
		Debug|Any CPU = Debug|Any CPU
		Release|Any CPU = Release|Any CPU
	EndGlobalSection
	GlobalSection(ProjectConfigurationPlatforms) = postSolution
		{8E2E2E00-96ED-42AD-88E3-D35ACEDD2DE8}.Debug|Any CPU.ActiveCfg = Debug|Any CPU
		{8E2E2E00-96ED-42AD-88E3-D35ACEDD2DE8}.Debug|Any CPU.Build.0 = Debug|Any CPU
		{8E2E2E00-96ED-42AD-88E3-D35ACEDD2DE8}.Release|Any CPU.ActiveCfg = Release|Any CPU
		{8E2E2E00-96ED-42AD-88E3-D35ACEDD2DE8}.Release|Any CPU.Build.0 = Release|Any CPU
		{F9D4A20E-D9EC-4AE9-9E59-352BF7F09692}.Debug|Any CPU.ActiveCfg = Debug|Any CPU
		{F9D4A20E-D9EC-4AE9-9E59-352BF7F09692}.Debug|Any CPU.Build.0 = Debug|Any CPU
		{F9D4A20E-D9EC-4AE9-9E59-352BF7F09692}.Release|Any CPU.ActiveCfg = Release|Any CPU
		{F9D4A20E-D9EC-4AE9-9E59-352BF7F09692}.Release|Any CPU.Build.0 = Release|Any CPU
	EndGlobalSection
	GlobalSection(SolutionProperties) = preSolution
		HideSolutionNode = FALSE
	EndGlobalSection
EndGlobal
